{
  "name": "xtrata-example-marketplace",
  "lockfileVersion": 3,
  "requires": true,
  "packages": {
    "": {
      "name": "xtrata-example-marketplace",
      "dependencies": {
        "@xtrata/sdk": "file:../../packages/xtrata-sdk"
      }
    },
    "../../packages/xtrata-sdk": {
      "name": "@xtrata/sdk",
      "version": "0.1.0",
      "dependencies": {
        "@noble/hashes": "^1.4.0",
        "@stacks/connect": "^7.8.0",
        "@stacks/network": "^6.11.0",
        "@stacks/transactions": "^6.11.0"
      }
    },
    "node_modules/@xtrata/sdk": {
      "resolved": "../../packages/xtrata-sdk",
      "link": true
    }
  }
}
